// !$*UTF8*$!
{
	archiveVersion = 1;
	classes = {
	};
	objectVersion = 54;
	objects = {

/* Begin PBXBuildFile section */
		C00513FB2B517E91005F5815 /* CardPreviewView.swift in Sources */ = {isa = PBXBuildFile; fileRef = C00513FA2B517E91005F5815 /* CardPreviewView.swift */; };
		C00BD2642B5A8EA900ACD977 /* CardRepository.swift in Sources */ = {isa = PBXBuildFile; fileRef = C00BD2632B5A8EA900ACD977 /* CardRepository.swift */; };
		C02348D3286343F4002FFBDF /* StoreKit.framework in Frameworks */ = {isa = PBXBuildFile; fileRef = C02348D2286343F4002FFBDF /* StoreKit.framework */; };
		C02404082B6835930017EF2E /* TabItemView.swift in Sources */ = {isa = PBXBuildFile; fileRef = C02404072B6835930017EF2E /* TabItemView.swift */; };
		C025748D2B4B1D4000F8EE29 /* CardViewModel.swift in Sources */ = {isa = PBXBuildFile; fileRef = C025748C2B4B1D4000F8EE29 /* CardViewModel.swift */; };
		C028C4C8280C852400F6894E /* .gitignore in Resources */ = {isa = PBXBuildFile; fileRef = C028C4C7280C852400F6894E /* .gitignore */; };
		C03A02612B5299EF00576543 /* CardViewState.swift in Sources */ = {isa = PBXBuildFile; fileRef = C03A02602B5299EF00576543 /* CardViewState.swift */; };
		C03B91C82B6FA60500EA483F /* DeckSettingsView.swift in Sources */ = {isa = PBXBuildFile; fileRef = C03B91C72B6FA60500EA483F /* DeckSettingsView.swift */; };
		C03B91CA2B6FA82400EA483F /* LayoutButton.swift in Sources */ = {isa = PBXBuildFile; fileRef = C03B91C92B6FA82400EA483F /* LayoutButton.swift */; };
		C05695D42B501AAA00033AF2 /* ContentView.swift in Sources */ = {isa = PBXBuildFile; fileRef = C05695D32B501AAA00033AF2 /* ContentView.swift */; };
		C05BCFF02B78CD3F0076CAD9 /* CreateDeckView.swift in Sources */ = {isa = PBXBuildFile; fileRef = C05BCFEF2B78CD3F0076CAD9 /* CreateDeckView.swift */; };
		C05BCFF22B78CF4D0076CAD9 /* ImportDeckView.swift in Sources */ = {isa = PBXBuildFile; fileRef = C05BCFF12B78CF4D0076CAD9 /* ImportDeckView.swift */; };
		C05BCFF42B78D04D0076CAD9 /* DelimeterButton.swift in Sources */ = {isa = PBXBuildFile; fileRef = C05BCFF32B78D04D0076CAD9 /* DelimeterButton.swift */; };
		C05BCFF62B78D12C0076CAD9 /* ImportedDeckView.swift in Sources */ = {isa = PBXBuildFile; fileRef = C05BCFF52B78D12C0076CAD9 /* ImportedDeckView.swift */; };
		C067B6852A8C1235000AF881 /* SimpleAnkiApp.swift in Sources */ = {isa = PBXBuildFile; fileRef = C067B6842A8C1235000AF881 /* SimpleAnkiApp.swift */; };
		C067B6872A8C1251000AF881 /* MainView.swift in Sources */ = {isa = PBXBuildFile; fileRef = C067B6862A8C1251000AF881 /* MainView.swift */; };
		C067B6892A8C139A000AF881 /* DecksListView.swift in Sources */ = {isa = PBXBuildFile; fileRef = C067B6882A8C139A000AF881 /* DecksListView.swift */; };
		C067B68B2A8C13A5000AF881 /* SettingsView.swift in Sources */ = {isa = PBXBuildFile; fileRef = C067B68A2A8C13A5000AF881 /* SettingsView.swift */; };
		C070008E263E86E0006DF020 /* RateManager.swift in Sources */ = {isa = PBXBuildFile; fileRef = C070008D263E86E0006DF020 /* RateManager.swift */; };
		C0730B172B77F26A00B43D42 /* NewDeckView.swift in Sources */ = {isa = PBXBuildFile; fileRef = C0730B162B77F26A00B43D42 /* NewDeckView.swift */; };
		C074581F2A9293AA0046F39D /* CardsListView.swift in Sources */ = {isa = PBXBuildFile; fileRef = C074581E2A9293AA0046F39D /* CardsListView.swift */; };
		C07458232A938CF90046F39D /* UserSettings.swift in Sources */ = {isa = PBXBuildFile; fileRef = C07458222A938CF90046F39D /* UserSettings.swift */; };
		C07458252A93943E0046F39D /* Constants.swift in Sources */ = {isa = PBXBuildFile; fileRef = C07458242A93943E0046F39D /* Constants.swift */; };
		C07458282A939FA40046F39D /* LinkView.swift in Sources */ = {isa = PBXBuildFile; fileRef = C07458272A939FA40046F39D /* LinkView.swift */; };
		C0750ECE2A9E9B8F00089B29 /* HapticManagerSUI.swift in Sources */ = {isa = PBXBuildFile; fileRef = C0750ECD2A9E9B8F00089B29 /* HapticManagerSUI.swift */; };
		C0750ED02AA3A60400089B29 /* AudioRecorder.swift in Sources */ = {isa = PBXBuildFile; fileRef = C0750ECF2AA3A60400089B29 /* AudioRecorder.swift */; };
		C0750ED42AA3C01800089B29 /* ReviewView.swift in Sources */ = {isa = PBXBuildFile; fileRef = C0750ED32AA3C01800089B29 /* ReviewView.swift */; };
		C0750ED62AA3C39400089B29 /* CircleButton.swift in Sources */ = {isa = PBXBuildFile; fileRef = C0750ED52AA3C39400089B29 /* CircleButton.swift */; };
		C0750ED82AA3D4AC00089B29 /* ReviewManagerSUI.swift in Sources */ = {isa = PBXBuildFile; fileRef = C0750ED72AA3D4AC00089B29 /* ReviewManagerSUI.swift */; };
		C08903252A8D444F00EFC51C /* Deck.swift in Sources */ = {isa = PBXBuildFile; fileRef = C08903242A8D444F00EFC51C /* Deck.swift */; };
		C08903272A8D474900EFC51C /* Card.swift in Sources */ = {isa = PBXBuildFile; fileRef = C08903262A8D474900EFC51C /* Card.swift */; };
		C09479502B518EFC00C44BCF /* ImagePickerButton.swift in Sources */ = {isa = PBXBuildFile; fileRef = C094794F2B518EFC00C44BCF /* ImagePickerButton.swift */; };
		C09AE07E2B6A726B00DB3E28 /* Pow in Frameworks */ = {isa = PBXBuildFile; productRef = C09AE07D2B6A726B00DB3E28 /* Pow */; };
		C0A0C64A2A9DFC210015C65E /* SoundManager.swift in Sources */ = {isa = PBXBuildFile; fileRef = C0A0C6492A9DFC210015C65E /* SoundManager.swift */; };
		C0B5FF7F25E981AF001D8D83 /* Assets.xcassets in Resources */ = {isa = PBXBuildFile; fileRef = C0B5FF7E25E981AF001D8D83 /* Assets.xcassets */; };
		C0B5FF8225E981AF001D8D83 /* LaunchScreen.storyboard in Resources */ = {isa = PBXBuildFile; fileRef = C0B5FF8025E981AF001D8D83 /* LaunchScreen.storyboard */; };
		C0B5FF8D25E981AF001D8D83 /* Simple_AnkiTests.swift in Sources */ = {isa = PBXBuildFile; fileRef = C0B5FF8C25E981AF001D8D83 /* Simple_AnkiTests.swift */; };
		C0B5FFAA25E98362001D8D83 /* RealmSwift in Frameworks */ = {isa = PBXBuildFile; productRef = C0B5FFA925E98362001D8D83 /* RealmSwift */; };
		C0B5FFAC25E98362001D8D83 /* Realm in Frameworks */ = {isa = PBXBuildFile; productRef = C0B5FFAB25E98362001D8D83 /* Realm */; };
		C0B6D151285DE01A00E354BA /* OnboardingManager.swift in Sources */ = {isa = PBXBuildFile; fileRef = C0B6D150285DE01A00E354BA /* OnboardingManager.swift */; };
		C0B85474282AB18F009816D0 /* SQLite in Frameworks */ = {isa = PBXBuildFile; productRef = C0B85473282AB18F009816D0 /* SQLite */; };
		C0B85477282ABA14009816D0 /* ZIPFoundation in Frameworks */ = {isa = PBXBuildFile; productRef = C0B85476282ABA14009816D0 /* ZIPFoundation */; };
		C0C9BA672848A3B30020E555 /* (null) in Resources */ = {isa = PBXBuildFile; };
		C0C9BAAB2848B9410020E555 /* APKGManager.swift in Sources */ = {isa = PBXBuildFile; fileRef = C0C9BAA82848B9410020E555 /* APKGManager.swift */; };
		C0C9BAB62848B9F20020E555 /* APKGModel.swift in Sources */ = {isa = PBXBuildFile; fileRef = C0C9BAB52848B9F20020E555 /* APKGModel.swift */; };
		C0C9BABE2848BD460020E555 /* APKGDatabase.swift in Sources */ = {isa = PBXBuildFile; fileRef = C0C9BABD2848BD460020E555 /* APKGDatabase.swift */; };
		C0C9BAC22848BE960020E555 /* .swiftlint.yml in Resources */ = {isa = PBXBuildFile; fileRef = C0C9BAC12848BE960020E555 /* .swiftlint.yml */; };
		C0C9BAC52848F4590020E555 /* build.yml in Resources */ = {isa = PBXBuildFile; fileRef = C0C9BAC42848F4590020E555 /* build.yml */; };
		C0CC42532B5052C000F683CE /* CardToolbarView.swift in Sources */ = {isa = PBXBuildFile; fileRef = C0CC42522B5052C000F683CE /* CardToolbarView.swift */; };
		C0CD12532AA9069400FE3BB6 /* LocalFileManager.swift in Sources */ = {isa = PBXBuildFile; fileRef = C0CD12522AA9069400FE3BB6 /* LocalFileManager.swift */; };
		C0CD12552AAB3F2700FE3BB6 /* CardView.swift in Sources */ = {isa = PBXBuildFile; fileRef = C0CD12542AAB3F2700FE3BB6 /* CardView.swift */; };
		C0DD10BB2823F6D10058F96B /* SwiftCSV in Frameworks */ = {isa = PBXBuildFile; productRef = C0DD10BA2823F6D10058F96B /* SwiftCSV */; };
		C0E5546D2AB59C9C000A3CA4 /* RecordingButton.swift in Sources */ = {isa = PBXBuildFile; fileRef = C0E5546C2AB59C9C000A3CA4 /* RecordingButton.swift */; };
		C0E8477827F9C9EA006AEED1 /* SPIndicator in Frameworks */ = {isa = PBXBuildFile; productRef = C0E8477727F9C9EA006AEED1 /* SPIndicator */; };
		C0F4FD3727BD862E00814BD6 /* Simple_AnkiUITestsLaunchTests.swift in Sources */ = {isa = PBXBuildFile; fileRef = C0F4FD3227BD862D00814BD6 /* Simple_AnkiUITestsLaunchTests.swift */; };
		C0F4FD3927BD862E00814BD6 /* Simple_AnkiUITests.swift in Sources */ = {isa = PBXBuildFile; fileRef = C0F4FD3427BD862E00814BD6 /* Simple_AnkiUITests.swift */; };
		C0F4FD4727BD877600814BD6 /* BaseScreen.swift in Sources */ = {isa = PBXBuildFile; fileRef = C0F4FD4627BD877600814BD6 /* BaseScreen.swift */; };
		C0F4FD4927BD877B00814BD6 /* DecksScreen.swift in Sources */ = {isa = PBXBuildFile; fileRef = C0F4FD4827BD877B00814BD6 /* DecksScreen.swift */; };
		C0F4FD4C27BD878B00814BD6 /* AddNewDeckAlert.swift in Sources */ = {isa = PBXBuildFile; fileRef = C0F4FD4B27BD878B00814BD6 /* AddNewDeckAlert.swift */; };
		C0F4FD5027BD87CE00814BD6 /* BaseTest.swift in Sources */ = {isa = PBXBuildFile; fileRef = C0F4FD4E27BD87CE00814BD6 /* BaseTest.swift */; };
		C0F4FD5127BD87CE00814BD6 /* DecksScrenTests.swift in Sources */ = {isa = PBXBuildFile; fileRef = C0F4FD4F27BD87CE00814BD6 /* DecksScrenTests.swift */; };
		C0F4FD5527BD87EB00814BD6 /* WaitUtillities.swift in Sources */ = {isa = PBXBuildFile; fileRef = C0F4FD5327BD87EB00814BD6 /* WaitUtillities.swift */; };
		C0F4FD5627BD87EB00814BD6 /* RandomGenerator.swift in Sources */ = {isa = PBXBuildFile; fileRef = C0F4FD5427BD87EB00814BD6 /* RandomGenerator.swift */; };
		C0F730C22B7424D900127CB4 /* ReminderManagerSUI.swift in Sources */ = {isa = PBXBuildFile; fileRef = C0F730C12B7424D900127CB4 /* ReminderManagerSUI.swift */; };
		C0F730C42B752F7100127CB4 /* ReminderView.swift in Sources */ = {isa = PBXBuildFile; fileRef = C0F730C32B752F7100127CB4 /* ReminderView.swift */; };
		C0FA7EAA25F511FE00710F0D /* ConstantsOld.swift in Sources */ = {isa = PBXBuildFile; fileRef = C0FA7EA925F511FE00710F0D /* ConstantsOld.swift */; };
/* End PBXBuildFile section */

/* Begin PBXContainerItemProxy section */
		C0B5FF8925E981AF001D8D83 /* PBXContainerItemProxy */ = {
			isa = PBXContainerItemProxy;
			containerPortal = C0B5FF6A25E981A8001D8D83 /* Project object */;
			proxyType = 1;
			remoteGlobalIDString = C0B5FF7125E981A8001D8D83;
			remoteInfo = "Simple Anki";
		};
		C0B5FF9425E981B0001D8D83 /* PBXContainerItemProxy */ = {
			isa = PBXContainerItemProxy;
			containerPortal = C0B5FF6A25E981A8001D8D83 /* Project object */;
			proxyType = 1;
			remoteGlobalIDString = C0B5FF7125E981A8001D8D83;
			remoteInfo = "Simple Anki";
		};
/* End PBXContainerItemProxy section */

/* Begin PBXFileReference section */
		C00513FA2B517E91005F5815 /* CardPreviewView.swift */ = {isa = PBXFileReference; lastKnownFileType = sourcecode.swift; path = CardPreviewView.swift; sourceTree = "<group>"; };
		C00BD2632B5A8EA900ACD977 /* CardRepository.swift */ = {isa = PBXFileReference; lastKnownFileType = sourcecode.swift; path = CardRepository.swift; sourceTree = "<group>"; };
		C02348D2286343F4002FFBDF /* StoreKit.framework */ = {isa = PBXFileReference; lastKnownFileType = wrapper.framework; name = StoreKit.framework; path = System/Library/Frameworks/StoreKit.framework; sourceTree = SDKROOT; };
		C02404072B6835930017EF2E /* TabItemView.swift */ = {isa = PBXFileReference; lastKnownFileType = sourcecode.swift; path = TabItemView.swift; sourceTree = "<group>"; };
		C025748C2B4B1D4000F8EE29 /* CardViewModel.swift */ = {isa = PBXFileReference; lastKnownFileType = sourcecode.swift; path = CardViewModel.swift; sourceTree = "<group>"; };
		C028C4C7280C852400F6894E /* .gitignore */ = {isa = PBXFileReference; lastKnownFileType = text; path = .gitignore; sourceTree = "<group>"; };
		C03A02602B5299EF00576543 /* CardViewState.swift */ = {isa = PBXFileReference; lastKnownFileType = sourcecode.swift; path = CardViewState.swift; sourceTree = "<group>"; };
		C03B91C72B6FA60500EA483F /* DeckSettingsView.swift */ = {isa = PBXFileReference; lastKnownFileType = sourcecode.swift; path = DeckSettingsView.swift; sourceTree = "<group>"; };
		C03B91C92B6FA82400EA483F /* LayoutButton.swift */ = {isa = PBXFileReference; lastKnownFileType = sourcecode.swift; path = LayoutButton.swift; sourceTree = "<group>"; };
		C05695D32B501AAA00033AF2 /* ContentView.swift */ = {isa = PBXFileReference; lastKnownFileType = sourcecode.swift; path = ContentView.swift; sourceTree = "<group>"; };
		C05BCFEF2B78CD3F0076CAD9 /* CreateDeckView.swift */ = {isa = PBXFileReference; lastKnownFileType = sourcecode.swift; path = CreateDeckView.swift; sourceTree = "<group>"; };
		C05BCFF12B78CF4D0076CAD9 /* ImportDeckView.swift */ = {isa = PBXFileReference; lastKnownFileType = sourcecode.swift; path = ImportDeckView.swift; sourceTree = "<group>"; };
		C05BCFF32B78D04D0076CAD9 /* DelimeterButton.swift */ = {isa = PBXFileReference; lastKnownFileType = sourcecode.swift; path = DelimeterButton.swift; sourceTree = "<group>"; };
		C05BCFF52B78D12C0076CAD9 /* ImportedDeckView.swift */ = {isa = PBXFileReference; lastKnownFileType = sourcecode.swift; path = ImportedDeckView.swift; sourceTree = "<group>"; };
		C067B6842A8C1235000AF881 /* SimpleAnkiApp.swift */ = {isa = PBXFileReference; lastKnownFileType = sourcecode.swift; path = SimpleAnkiApp.swift; sourceTree = "<group>"; };
		C067B6862A8C1251000AF881 /* MainView.swift */ = {isa = PBXFileReference; lastKnownFileType = sourcecode.swift; path = MainView.swift; sourceTree = "<group>"; };
		C067B6882A8C139A000AF881 /* DecksListView.swift */ = {isa = PBXFileReference; lastKnownFileType = sourcecode.swift; path = DecksListView.swift; sourceTree = "<group>"; };
		C067B68A2A8C13A5000AF881 /* SettingsView.swift */ = {isa = PBXFileReference; lastKnownFileType = sourcecode.swift; path = SettingsView.swift; sourceTree = "<group>"; };
		C070008D263E86E0006DF020 /* RateManager.swift */ = {isa = PBXFileReference; lastKnownFileType = sourcecode.swift; path = RateManager.swift; sourceTree = "<group>"; };
		C0730B162B77F26A00B43D42 /* NewDeckView.swift */ = {isa = PBXFileReference; lastKnownFileType = sourcecode.swift; path = NewDeckView.swift; sourceTree = "<group>"; };
		C074581E2A9293AA0046F39D /* CardsListView.swift */ = {isa = PBXFileReference; lastKnownFileType = sourcecode.swift; path = CardsListView.swift; sourceTree = "<group>"; };
		C07458222A938CF90046F39D /* UserSettings.swift */ = {isa = PBXFileReference; lastKnownFileType = sourcecode.swift; path = UserSettings.swift; sourceTree = "<group>"; };
		C07458242A93943E0046F39D /* Constants.swift */ = {isa = PBXFileReference; lastKnownFileType = sourcecode.swift; path = Constants.swift; sourceTree = "<group>"; };
		C07458272A939FA40046F39D /* LinkView.swift */ = {isa = PBXFileReference; lastKnownFileType = sourcecode.swift; path = LinkView.swift; sourceTree = "<group>"; };
		C0750ECD2A9E9B8F00089B29 /* HapticManagerSUI.swift */ = {isa = PBXFileReference; lastKnownFileType = sourcecode.swift; path = HapticManagerSUI.swift; sourceTree = "<group>"; };
		C0750ECF2AA3A60400089B29 /* AudioRecorder.swift */ = {isa = PBXFileReference; lastKnownFileType = sourcecode.swift; path = AudioRecorder.swift; sourceTree = "<group>"; };
		C0750ED32AA3C01800089B29 /* ReviewView.swift */ = {isa = PBXFileReference; lastKnownFileType = sourcecode.swift; path = ReviewView.swift; sourceTree = "<group>"; };
		C0750ED52AA3C39400089B29 /* CircleButton.swift */ = {isa = PBXFileReference; lastKnownFileType = sourcecode.swift; path = CircleButton.swift; sourceTree = "<group>"; };
		C0750ED72AA3D4AC00089B29 /* ReviewManagerSUI.swift */ = {isa = PBXFileReference; lastKnownFileType = sourcecode.swift; path = ReviewManagerSUI.swift; sourceTree = "<group>"; };
		C08903242A8D444F00EFC51C /* Deck.swift */ = {isa = PBXFileReference; lastKnownFileType = sourcecode.swift; path = Deck.swift; sourceTree = "<group>"; };
		C08903262A8D474900EFC51C /* Card.swift */ = {isa = PBXFileReference; lastKnownFileType = sourcecode.swift; path = Card.swift; sourceTree = "<group>"; };
		C094794F2B518EFC00C44BCF /* ImagePickerButton.swift */ = {isa = PBXFileReference; lastKnownFileType = sourcecode.swift; path = ImagePickerButton.swift; sourceTree = "<group>"; };
		C0A0C6492A9DFC210015C65E /* SoundManager.swift */ = {isa = PBXFileReference; lastKnownFileType = sourcecode.swift; path = SoundManager.swift; sourceTree = "<group>"; };
		C0B5FF7225E981A8001D8D83 /* Simple Anki.app */ = {isa = PBXFileReference; explicitFileType = wrapper.application; includeInIndex = 0; path = "Simple Anki.app"; sourceTree = BUILT_PRODUCTS_DIR; };
		C0B5FF7E25E981AF001D8D83 /* Assets.xcassets */ = {isa = PBXFileReference; lastKnownFileType = folder.assetcatalog; path = Assets.xcassets; sourceTree = "<group>"; };
		C0B5FF8125E981AF001D8D83 /* Base */ = {isa = PBXFileReference; lastKnownFileType = file.storyboard; name = Base; path = Base.lproj/LaunchScreen.storyboard; sourceTree = "<group>"; };
		C0B5FF8325E981AF001D8D83 /* Info.plist */ = {isa = PBXFileReference; lastKnownFileType = text.plist.xml; path = Info.plist; sourceTree = "<group>"; };
		C0B5FF8825E981AF001D8D83 /* Simple AnkiTests.xctest */ = {isa = PBXFileReference; explicitFileType = wrapper.cfbundle; includeInIndex = 0; path = "Simple AnkiTests.xctest"; sourceTree = BUILT_PRODUCTS_DIR; };
		C0B5FF8C25E981AF001D8D83 /* Simple_AnkiTests.swift */ = {isa = PBXFileReference; lastKnownFileType = sourcecode.swift; path = Simple_AnkiTests.swift; sourceTree = "<group>"; };
		C0B5FF8E25E981AF001D8D83 /* Info.plist */ = {isa = PBXFileReference; lastKnownFileType = text.plist.xml; path = Info.plist; sourceTree = "<group>"; };
		C0B5FF9325E981B0001D8D83 /* Simple AnkiUITests.xctest */ = {isa = PBXFileReference; explicitFileType = wrapper.cfbundle; includeInIndex = 0; path = "Simple AnkiUITests.xctest"; sourceTree = BUILT_PRODUCTS_DIR; };
		C0B5FF9925E981B0001D8D83 /* Info.plist */ = {isa = PBXFileReference; lastKnownFileType = text.plist.xml; path = Info.plist; sourceTree = "<group>"; };
		C0B6D150285DE01A00E354BA /* OnboardingManager.swift */ = {isa = PBXFileReference; lastKnownFileType = sourcecode.swift; path = OnboardingManager.swift; sourceTree = "<group>"; };
		C0C9BA722848AC300020E555 /* linter.yml */ = {isa = PBXFileReference; fileEncoding = 4; lastKnownFileType = text.yaml; path = linter.yml; sourceTree = "<group>"; };
		C0C9BAA82848B9410020E555 /* APKGManager.swift */ = {isa = PBXFileReference; fileEncoding = 4; lastKnownFileType = sourcecode.swift; path = APKGManager.swift; sourceTree = "<group>"; };
		C0C9BAB52848B9F20020E555 /* APKGModel.swift */ = {isa = PBXFileReference; lastKnownFileType = sourcecode.swift; path = APKGModel.swift; sourceTree = "<group>"; };
		C0C9BABD2848BD460020E555 /* APKGDatabase.swift */ = {isa = PBXFileReference; fileEncoding = 4; lastKnownFileType = sourcecode.swift; path = APKGDatabase.swift; sourceTree = "<group>"; };
		C0C9BAC12848BE960020E555 /* .swiftlint.yml */ = {isa = PBXFileReference; lastKnownFileType = text.yaml; path = .swiftlint.yml; sourceTree = "<group>"; };
		C0C9BAC42848F4590020E555 /* build.yml */ = {isa = PBXFileReference; fileEncoding = 4; lastKnownFileType = text.yaml; path = build.yml; sourceTree = "<group>"; };
		C0CC42522B5052C000F683CE /* CardToolbarView.swift */ = {isa = PBXFileReference; lastKnownFileType = sourcecode.swift; path = CardToolbarView.swift; sourceTree = "<group>"; };
		C0CD12522AA9069400FE3BB6 /* LocalFileManager.swift */ = {isa = PBXFileReference; lastKnownFileType = sourcecode.swift; path = LocalFileManager.swift; sourceTree = "<group>"; };
		C0CD12542AAB3F2700FE3BB6 /* CardView.swift */ = {isa = PBXFileReference; lastKnownFileType = sourcecode.swift; path = CardView.swift; sourceTree = "<group>"; };
		C0E5546C2AB59C9C000A3CA4 /* RecordingButton.swift */ = {isa = PBXFileReference; lastKnownFileType = sourcecode.swift; path = RecordingButton.swift; sourceTree = "<group>"; };
		C0F4FD3227BD862D00814BD6 /* Simple_AnkiUITestsLaunchTests.swift */ = {isa = PBXFileReference; fileEncoding = 4; lastKnownFileType = sourcecode.swift; path = Simple_AnkiUITestsLaunchTests.swift; sourceTree = "<group>"; };
		C0F4FD3427BD862E00814BD6 /* Simple_AnkiUITests.swift */ = {isa = PBXFileReference; fileEncoding = 4; lastKnownFileType = sourcecode.swift; name = Simple_AnkiUITests.swift; path = "../../../ZBS/Simple Anki/Simple AnkiUITests/Simple_AnkiUITests.swift"; sourceTree = "<group>"; };
		C0F4FD4627BD877600814BD6 /* BaseScreen.swift */ = {isa = PBXFileReference; fileEncoding = 4; lastKnownFileType = sourcecode.swift; path = BaseScreen.swift; sourceTree = "<group>"; };
		C0F4FD4827BD877B00814BD6 /* DecksScreen.swift */ = {isa = PBXFileReference; lastKnownFileType = sourcecode.swift; path = DecksScreen.swift; sourceTree = "<group>"; };
		C0F4FD4B27BD878B00814BD6 /* AddNewDeckAlert.swift */ = {isa = PBXFileReference; fileEncoding = 4; lastKnownFileType = sourcecode.swift; path = AddNewDeckAlert.swift; sourceTree = "<group>"; };
		C0F4FD4E27BD87CE00814BD6 /* BaseTest.swift */ = {isa = PBXFileReference; fileEncoding = 4; lastKnownFileType = sourcecode.swift; path = BaseTest.swift; sourceTree = "<group>"; };
		C0F4FD4F27BD87CE00814BD6 /* DecksScrenTests.swift */ = {isa = PBXFileReference; fileEncoding = 4; lastKnownFileType = sourcecode.swift; path = DecksScrenTests.swift; sourceTree = "<group>"; };
		C0F4FD5327BD87EB00814BD6 /* WaitUtillities.swift */ = {isa = PBXFileReference; fileEncoding = 4; lastKnownFileType = sourcecode.swift; path = WaitUtillities.swift; sourceTree = "<group>"; };
		C0F4FD5427BD87EB00814BD6 /* RandomGenerator.swift */ = {isa = PBXFileReference; fileEncoding = 4; lastKnownFileType = sourcecode.swift; path = RandomGenerator.swift; sourceTree = "<group>"; };
		C0F730C12B7424D900127CB4 /* ReminderManagerSUI.swift */ = {isa = PBXFileReference; lastKnownFileType = sourcecode.swift; path = ReminderManagerSUI.swift; sourceTree = "<group>"; };
		C0F730C32B752F7100127CB4 /* ReminderView.swift */ = {isa = PBXFileReference; lastKnownFileType = sourcecode.swift; path = ReminderView.swift; sourceTree = "<group>"; };
		C0FA7EA925F511FE00710F0D /* ConstantsOld.swift */ = {isa = PBXFileReference; lastKnownFileType = sourcecode.swift; path = ConstantsOld.swift; sourceTree = "<group>"; };
/* End PBXFileReference section */

/* Begin PBXFrameworksBuildPhase section */
		C0B5FF6F25E981A8001D8D83 /* Frameworks */ = {
			isa = PBXFrameworksBuildPhase;
			buildActionMask = 2147483647;
			files = (
				C02348D3286343F4002FFBDF /* StoreKit.framework in Frameworks */,
				C09AE07E2B6A726B00DB3E28 /* Pow in Frameworks */,
				C0B85474282AB18F009816D0 /* SQLite in Frameworks */,
				C0DD10BB2823F6D10058F96B /* SwiftCSV in Frameworks */,
				C0B5FFAC25E98362001D8D83 /* Realm in Frameworks */,
				C0B5FFAA25E98362001D8D83 /* RealmSwift in Frameworks */,
				C0E8477827F9C9EA006AEED1 /* SPIndicator in Frameworks */,
				C0B85477282ABA14009816D0 /* ZIPFoundation in Frameworks */,
			);
			runOnlyForDeploymentPostprocessing = 0;
		};
		C0B5FF8525E981AF001D8D83 /* Frameworks */ = {
			isa = PBXFrameworksBuildPhase;
			buildActionMask = 2147483647;
			files = (
			);
			runOnlyForDeploymentPostprocessing = 0;
		};
		C0B5FF9025E981AF001D8D83 /* Frameworks */ = {
			isa = PBXFrameworksBuildPhase;
			buildActionMask = 2147483647;
			files = (
			);
			runOnlyForDeploymentPostprocessing = 0;
		};
/* End PBXFrameworksBuildPhase section */

/* Begin PBXGroup section */
		C00BD2622B5A8E9400ACD977 /* Repositories */ = {
			isa = PBXGroup;
			children = (
				C00BD2632B5A8EA900ACD977 /* CardRepository.swift */,
			);
			path = Repositories;
			sourceTree = "<group>";
		};
		C01290712A8F822700ECF9D7 /* Managers */ = {
			isa = PBXGroup;
			children = (
				C070008D263E86E0006DF020 /* RateManager.swift */,
				C0B6D150285DE01A00E354BA /* OnboardingManager.swift */,
				C07458222A938CF90046F39D /* UserSettings.swift */,
				C0A0C6492A9DFC210015C65E /* SoundManager.swift */,
				C0750ECD2A9E9B8F00089B29 /* HapticManagerSUI.swift */,
				C0750ECF2AA3A60400089B29 /* AudioRecorder.swift */,
				C0750ED72AA3D4AC00089B29 /* ReviewManagerSUI.swift */,
				C0CD12522AA9069400FE3BB6 /* LocalFileManager.swift */,
				C0F730C12B7424D900127CB4 /* ReminderManagerSUI.swift */,
			);
			path = Managers;
			sourceTree = "<group>";
		};
		C02348D1286343F4002FFBDF /* Frameworks */ = {
			isa = PBXGroup;
			children = (
				C02348D2286343F4002FFBDF /* StoreKit.framework */,
			);
			name = Frameworks;
			sourceTree = "<group>";
		};
		C025748A2B4B1CE900F8EE29 /* ViewModels */ = {
			isa = PBXGroup;
			children = (
				C025748C2B4B1D4000F8EE29 /* CardViewModel.swift */,
			);
			path = ViewModels;
			sourceTree = "<group>";
		};
		C025748B2B4B1CFB00F8EE29 /* UI */ = {
			isa = PBXGroup;
			children = (
				C00BD2622B5A8E9400ACD977 /* Repositories */,
				C07458262A939F800046F39D /* UIComponents */,
				C0750ED92AA492BD00089B29 /* Views */,
			);
			path = UI;
			sourceTree = "<group>";
		};
		C067B6822A8C10D0000AF881 /* SwiftUI */ = {
			isa = PBXGroup;
			children = (
				C025748B2B4B1CFB00F8EE29 /* UI */,
				C025748A2B4B1CE900F8EE29 /* ViewModels */,
				C01290712A8F822700ECF9D7 /* Managers */,
				C08903232A8D443900EFC51C /* Models */,
				C067B6842A8C1235000AF881 /* SimpleAnkiApp.swift */,
			);
			path = SwiftUI;
			sourceTree = "<group>";
		};
		C0730B182B77F28900B43D42 /* Deck */ = {
			isa = PBXGroup;
			children = (
				C03B91C72B6FA60500EA483F /* DeckSettingsView.swift */,
				C0730B162B77F26A00B43D42 /* NewDeckView.swift */,
				C067B6882A8C139A000AF881 /* DecksListView.swift */,
				C05BCFEF2B78CD3F0076CAD9 /* CreateDeckView.swift */,
				C05BCFF12B78CF4D0076CAD9 /* ImportDeckView.swift */,
				C05BCFF52B78D12C0076CAD9 /* ImportedDeckView.swift */,
			);
			path = Deck;
			sourceTree = "<group>";
		};
		C0730B192B77F2A200B43D42 /* Card */ = {
			isa = PBXGroup;
			children = (
				C00513FA2B517E91005F5815 /* CardPreviewView.swift */,
				C0CD12542AAB3F2700FE3BB6 /* CardView.swift */,
				C074581E2A9293AA0046F39D /* CardsListView.swift */,
			);
			path = Card;
			sourceTree = "<group>";
		};
		C0730B1A2B77F2B700B43D42 /* Settings */ = {
			isa = PBXGroup;
			children = (
				C0F730C32B752F7100127CB4 /* ReminderView.swift */,
				C067B68A2A8C13A5000AF881 /* SettingsView.swift */,
			);
			path = Settings;
			sourceTree = "<group>";
		};
		C07458262A939F800046F39D /* UIComponents */ = {
			isa = PBXGroup;
			children = (
				C0750ED52AA3C39400089B29 /* CircleButton.swift */,
				C07458272A939FA40046F39D /* LinkView.swift */,
				C0E5546C2AB59C9C000A3CA4 /* RecordingButton.swift */,
				C0CC42522B5052C000F683CE /* CardToolbarView.swift */,
				C094794F2B518EFC00C44BCF /* ImagePickerButton.swift */,
				C03A02602B5299EF00576543 /* CardViewState.swift */,
				C02404072B6835930017EF2E /* TabItemView.swift */,
				C03B91C92B6FA82400EA483F /* LayoutButton.swift */,
				C05BCFF32B78D04D0076CAD9 /* DelimeterButton.swift */,
			);
			path = UIComponents;
			sourceTree = "<group>";
		};
		C0750ED92AA492BD00089B29 /* Views */ = {
			isa = PBXGroup;
			children = (
				C0730B1A2B77F2B700B43D42 /* Settings */,
				C0730B192B77F2A200B43D42 /* Card */,
				C0730B182B77F28900B43D42 /* Deck */,
				C067B6862A8C1251000AF881 /* MainView.swift */,
				C07458242A93943E0046F39D /* Constants.swift */,
				C0750ED32AA3C01800089B29 /* ReviewView.swift */,
				C05695D32B501AAA00033AF2 /* ContentView.swift */,
			);
			path = Views;
			sourceTree = "<group>";
		};
		C08903232A8D443900EFC51C /* Models */ = {
			isa = PBXGroup;
			children = (
				C08903242A8D444F00EFC51C /* Deck.swift */,
				C08903262A8D474900EFC51C /* Card.swift */,
			);
			path = Models;
			sourceTree = "<group>";
		};
		C0B5FF6925E981A8001D8D83 = {
			isa = PBXGroup;
			children = (
				C0C9BAC12848BE960020E555 /* .swiftlint.yml */,
				C0C9BA702848AC300020E555 /* .github */,
				C028C4C7280C852400F6894E /* .gitignore */,
				C0B5FF7425E981A8001D8D83 /* Simple Anki */,
				C0B5FF8B25E981AF001D8D83 /* Simple AnkiTests */,
				C0B5FF9625E981B0001D8D83 /* Simple AnkiUITests */,
				C0B5FF7325E981A8001D8D83 /* Products */,
				C02348D1286343F4002FFBDF /* Frameworks */,
			);
			sourceTree = "<group>";
		};
		C0B5FF7325E981A8001D8D83 /* Products */ = {
			isa = PBXGroup;
			children = (
				C0B5FF7225E981A8001D8D83 /* Simple Anki.app */,
				C0B5FF8825E981AF001D8D83 /* Simple AnkiTests.xctest */,
				C0B5FF9325E981B0001D8D83 /* Simple AnkiUITests.xctest */,
			);
			name = Products;
			sourceTree = "<group>";
		};
		C0B5FF7425E981A8001D8D83 /* Simple Anki */ = {
			isa = PBXGroup;
			children = (
				C067B6822A8C10D0000AF881 /* SwiftUI */,
				C0C9BAA72848B9410020E555 /* APKG */,
				C0B5FF7E25E981AF001D8D83 /* Assets.xcassets */,
				C0B5FF8025E981AF001D8D83 /* LaunchScreen.storyboard */,
				C0B5FF8325E981AF001D8D83 /* Info.plist */,
				C0FA7EA925F511FE00710F0D /* ConstantsOld.swift */,
			);
			path = "Simple Anki";
			sourceTree = "<group>";
		};
		C0B5FF8B25E981AF001D8D83 /* Simple AnkiTests */ = {
			isa = PBXGroup;
			children = (
				C0B5FF8C25E981AF001D8D83 /* Simple_AnkiTests.swift */,
				C0B5FF8E25E981AF001D8D83 /* Info.plist */,
			);
			path = "Simple AnkiTests";
			sourceTree = "<group>";
		};
		C0B5FF9625E981B0001D8D83 /* Simple AnkiUITests */ = {
			isa = PBXGroup;
			children = (
				C0F4FD5227BD87E200814BD6 /* Utillities */,
				C0F4FD4D27BD87C300814BD6 /* Tests */,
				C0F4FD4527BD876600814BD6 /* Screens */,
				C0F4FD3427BD862E00814BD6 /* Simple_AnkiUITests.swift */,
				C0F4FD3227BD862D00814BD6 /* Simple_AnkiUITestsLaunchTests.swift */,
				C0B5FF9925E981B0001D8D83 /* Info.plist */,
			);
			path = "Simple AnkiUITests";
			sourceTree = "<group>";
		};
		C0C9BA702848AC300020E555 /* .github */ = {
			isa = PBXGroup;
			children = (
				C0C9BA712848AC300020E555 /* workflows */,
			);
			path = .github;
			sourceTree = "<group>";
		};
		C0C9BA712848AC300020E555 /* workflows */ = {
			isa = PBXGroup;
			children = (
				C0C9BAC42848F4590020E555 /* build.yml */,
				C0C9BA722848AC300020E555 /* linter.yml */,
			);
			path = workflows;
			sourceTree = "<group>";
		};
		C0C9BAA72848B9410020E555 /* APKG */ = {
			isa = PBXGroup;
			children = (
				C0C9BABD2848BD460020E555 /* APKGDatabase.swift */,
				C0C9BAA82848B9410020E555 /* APKGManager.swift */,
				C0C9BAB52848B9F20020E555 /* APKGModel.swift */,
			);
			path = APKG;
			sourceTree = "<group>";
		};
		C0F4FD4527BD876600814BD6 /* Screens */ = {
			isa = PBXGroup;
			children = (
				C0F4FD4A27BD878200814BD6 /* Alerts */,
				C0F4FD4627BD877600814BD6 /* BaseScreen.swift */,
				C0F4FD4827BD877B00814BD6 /* DecksScreen.swift */,
			);
			path = Screens;
			sourceTree = "<group>";
		};
		C0F4FD4A27BD878200814BD6 /* Alerts */ = {
			isa = PBXGroup;
			children = (
				C0F4FD4B27BD878B00814BD6 /* AddNewDeckAlert.swift */,
			);
			path = Alerts;
			sourceTree = "<group>";
		};
		C0F4FD4D27BD87C300814BD6 /* Tests */ = {
			isa = PBXGroup;
			children = (
				C0F4FD4E27BD87CE00814BD6 /* BaseTest.swift */,
				C0F4FD4F27BD87CE00814BD6 /* DecksScrenTests.swift */,
			);
			path = Tests;
			sourceTree = "<group>";
		};
		C0F4FD5227BD87E200814BD6 /* Utillities */ = {
			isa = PBXGroup;
			children = (
				C0F4FD5427BD87EB00814BD6 /* RandomGenerator.swift */,
				C0F4FD5327BD87EB00814BD6 /* WaitUtillities.swift */,
			);
			path = Utillities;
			sourceTree = "<group>";
		};
/* End PBXGroup section */

/* Begin PBXNativeTarget section */
		C0B5FF7125E981A8001D8D83 /* Simple Anki */ = {
			isa = PBXNativeTarget;
			buildConfigurationList = C0B5FF9C25E981B0001D8D83 /* Build configuration list for PBXNativeTarget "Simple Anki" */;
			buildPhases = (
				C0C9BAC32848C4310020E555 /* ShellScript */,
				C0B5FF6E25E981A8001D8D83 /* Sources */,
				C0B5FF6F25E981A8001D8D83 /* Frameworks */,
				C0B5FF7025E981A8001D8D83 /* Resources */,
			);
			buildRules = (
			);
			dependencies = (
			);
			name = "Simple Anki";
			packageProductDependencies = (
				C0B5FFA925E98362001D8D83 /* RealmSwift */,
				C0B5FFAB25E98362001D8D83 /* Realm */,
				C0E8477727F9C9EA006AEED1 /* SPIndicator */,
				C0DD10BA2823F6D10058F96B /* SwiftCSV */,
				C0B85473282AB18F009816D0 /* SQLite */,
				C0B85476282ABA14009816D0 /* ZIPFoundation */,
				C09AE07D2B6A726B00DB3E28 /* Pow */,
			);
			productName = "Simple Anki";
			productReference = C0B5FF7225E981A8001D8D83 /* Simple Anki.app */;
			productType = "com.apple.product-type.application";
		};
		C0B5FF8725E981AF001D8D83 /* Simple AnkiTests */ = {
			isa = PBXNativeTarget;
			buildConfigurationList = C0B5FF9F25E981B0001D8D83 /* Build configuration list for PBXNativeTarget "Simple AnkiTests" */;
			buildPhases = (
				C0B5FF8425E981AF001D8D83 /* Sources */,
				C0B5FF8525E981AF001D8D83 /* Frameworks */,
				C0B5FF8625E981AF001D8D83 /* Resources */,
			);
			buildRules = (
			);
			dependencies = (
				C0B5FF8A25E981AF001D8D83 /* PBXTargetDependency */,
			);
			name = "Simple AnkiTests";
			productName = "Simple AnkiTests";
			productReference = C0B5FF8825E981AF001D8D83 /* Simple AnkiTests.xctest */;
			productType = "com.apple.product-type.bundle.unit-test";
		};
		C0B5FF9225E981AF001D8D83 /* Simple AnkiUITests */ = {
			isa = PBXNativeTarget;
			buildConfigurationList = C0B5FFA225E981B0001D8D83 /* Build configuration list for PBXNativeTarget "Simple AnkiUITests" */;
			buildPhases = (
				C0B5FF8F25E981AF001D8D83 /* Sources */,
				C0B5FF9025E981AF001D8D83 /* Frameworks */,
				C0B5FF9125E981AF001D8D83 /* Resources */,
			);
			buildRules = (
			);
			dependencies = (
				C0B5FF9525E981B0001D8D83 /* PBXTargetDependency */,
			);
			name = "Simple AnkiUITests";
			productName = "Simple AnkiUITests";
			productReference = C0B5FF9325E981B0001D8D83 /* Simple AnkiUITests.xctest */;
			productType = "com.apple.product-type.bundle.ui-testing";
		};
/* End PBXNativeTarget section */

/* Begin PBXProject section */
		C0B5FF6A25E981A8001D8D83 /* Project object */ = {
			isa = PBXProject;
			attributes = {
				BuildIndependentTargetsInParallel = YES;
				LastSwiftUpdateCheck = 1240;
				LastUpgradeCheck = 1430;
				TargetAttributes = {
					C0B5FF7125E981A8001D8D83 = {
						CreatedOnToolsVersion = 12.4;
					};
					C0B5FF8725E981AF001D8D83 = {
						CreatedOnToolsVersion = 12.4;
						TestTargetID = C0B5FF7125E981A8001D8D83;
					};
					C0B5FF9225E981AF001D8D83 = {
						CreatedOnToolsVersion = 12.4;
						TestTargetID = C0B5FF7125E981A8001D8D83;
					};
				};
			};
			buildConfigurationList = C0B5FF6D25E981A8001D8D83 /* Build configuration list for PBXProject "Simple Anki" */;
			compatibilityVersion = "Xcode 9.3";
			developmentRegion = en;
			hasScannedForEncodings = 0;
			knownRegions = (
				en,
				Base,
			);
			mainGroup = C0B5FF6925E981A8001D8D83;
			packageReferences = (
				C0B5FFA825E98362001D8D83 /* XCRemoteSwiftPackageReference "realm-cocoa" */,
				C0E8477627F9C9EA006AEED1 /* XCRemoteSwiftPackageReference "SPIndicator" */,
				C0DD10B92823F6D10058F96B /* XCRemoteSwiftPackageReference "SwiftCSV" */,
				C0B85472282AB18F009816D0 /* XCRemoteSwiftPackageReference "SQLite.swift" */,
				C0B85475282ABA14009816D0 /* XCRemoteSwiftPackageReference "ZIPFoundation" */,
				C09AE07C2B6A726B00DB3E28 /* XCRemoteSwiftPackageReference "Pow" */,
			);
			productRefGroup = C0B5FF7325E981A8001D8D83 /* Products */;
			projectDirPath = "";
			projectRoot = "";
			targets = (
				C0B5FF7125E981A8001D8D83 /* Simple Anki */,
				C0B5FF8725E981AF001D8D83 /* Simple AnkiTests */,
				C0B5FF9225E981AF001D8D83 /* Simple AnkiUITests */,
			);
		};
/* End PBXProject section */

/* Begin PBXResourcesBuildPhase section */
		C0B5FF7025E981A8001D8D83 /* Resources */ = {
			isa = PBXResourcesBuildPhase;
			buildActionMask = 2147483647;
			files = (
				C0C9BAC22848BE960020E555 /* .swiftlint.yml in Resources */,
				C0C9BA672848A3B30020E555 /* (null) in Resources */,
				C0C9BAC52848F4590020E555 /* build.yml in Resources */,
				C028C4C8280C852400F6894E /* .gitignore in Resources */,
				C0B5FF8225E981AF001D8D83 /* LaunchScreen.storyboard in Resources */,
				C0B5FF7F25E981AF001D8D83 /* Assets.xcassets in Resources */,
			);
			runOnlyForDeploymentPostprocessing = 0;
		};
		C0B5FF8625E981AF001D8D83 /* Resources */ = {
			isa = PBXResourcesBuildPhase;
			buildActionMask = 2147483647;
			files = (
			);
			runOnlyForDeploymentPostprocessing = 0;
		};
		C0B5FF9125E981AF001D8D83 /* Resources */ = {
			isa = PBXResourcesBuildPhase;
			buildActionMask = 2147483647;
			files = (
			);
			runOnlyForDeploymentPostprocessing = 0;
		};
/* End PBXResourcesBuildPhase section */

/* Begin PBXShellScriptBuildPhase section */
		C0C9BAC32848C4310020E555 /* ShellScript */ = {
			isa = PBXShellScriptBuildPhase;
			alwaysOutOfDate = 1;
			buildActionMask = 12;
			files = (
			);
			inputFileListPaths = (
			);
			inputPaths = (
			);
			outputFileListPaths = (
			);
			outputPaths = (
			);
			runOnlyForDeploymentPostprocessing = 0;
			shellPath = /bin/sh;
			shellScript = "export PATH=\"$PATH:/opt/homebrew/bin\"\n\nif which swiftlint; then\n    swiftlint --fix && swiftlint\nelse\n  echo \"warning: SwiftLint not installed, download from https://github.com/realm/SwiftLint\"\nfi\n";
		};
/* End PBXShellScriptBuildPhase section */

/* Begin PBXSourcesBuildPhase section */
		C0B5FF6E25E981A8001D8D83 /* Sources */ = {
			isa = PBXSourcesBuildPhase;
			buildActionMask = 2147483647;
			files = (
				C0C9BAB62848B9F20020E555 /* APKGModel.swift in Sources */,
				C0F730C42B752F7100127CB4 /* ReminderView.swift in Sources */,
				C0F730C22B7424D900127CB4 /* ReminderManagerSUI.swift in Sources */,
				C07458252A93943E0046F39D /* Constants.swift in Sources */,
				C067B6892A8C139A000AF881 /* DecksListView.swift in Sources */,
				C0FA7EAA25F511FE00710F0D /* ConstantsOld.swift in Sources */,
				C09479502B518EFC00C44BCF /* ImagePickerButton.swift in Sources */,
				C05BCFF22B78CF4D0076CAD9 /* ImportDeckView.swift in Sources */,
				C025748D2B4B1D4000F8EE29 /* CardViewModel.swift in Sources */,
				C0CC42532B5052C000F683CE /* CardToolbarView.swift in Sources */,
				C0750ED82AA3D4AC00089B29 /* ReviewManagerSUI.swift in Sources */,
				C05BCFF42B78D04D0076CAD9 /* DelimeterButton.swift in Sources */,
				C0750ED02AA3A60400089B29 /* AudioRecorder.swift in Sources */,
				C067B68B2A8C13A5000AF881 /* SettingsView.swift in Sources */,
				C0750ED62AA3C39400089B29 /* CircleButton.swift in Sources */,
				C0C9BAAB2848B9410020E555 /* APKGManager.swift in Sources */,
				C0CD12532AA9069400FE3BB6 /* LocalFileManager.swift in Sources */,
				C03B91C82B6FA60500EA483F /* DeckSettingsView.swift in Sources */,
				C0E5546D2AB59C9C000A3CA4 /* RecordingButton.swift in Sources */,
				C070008E263E86E0006DF020 /* RateManager.swift in Sources */,
				C0A0C64A2A9DFC210015C65E /* SoundManager.swift in Sources */,
				C067B6852A8C1235000AF881 /* SimpleAnkiApp.swift in Sources */,
				C067B6872A8C1251000AF881 /* MainView.swift in Sources */,
				C00BD2642B5A8EA900ACD977 /* CardRepository.swift in Sources */,
				C03A02612B5299EF00576543 /* CardViewState.swift in Sources */,
				C05695D42B501AAA00033AF2 /* ContentView.swift in Sources */,
				C07458232A938CF90046F39D /* UserSettings.swift in Sources */,
				C0C9BABE2848BD460020E555 /* APKGDatabase.swift in Sources */,
				C05BCFF02B78CD3F0076CAD9 /* CreateDeckView.swift in Sources */,
				C074581F2A9293AA0046F39D /* CardsListView.swift in Sources */,
				C08903272A8D474900EFC51C /* Card.swift in Sources */,
				C0730B172B77F26A00B43D42 /* NewDeckView.swift in Sources */,
				C0B6D151285DE01A00E354BA /* OnboardingManager.swift in Sources */,
				C0750ED42AA3C01800089B29 /* ReviewView.swift in Sources */,
				C03B91CA2B6FA82400EA483F /* LayoutButton.swift in Sources */,
				C00513FB2B517E91005F5815 /* CardPreviewView.swift in Sources */,
				C08903252A8D444F00EFC51C /* Deck.swift in Sources */,
				C05BCFF62B78D12C0076CAD9 /* ImportedDeckView.swift in Sources */,
				C02404082B6835930017EF2E /* TabItemView.swift in Sources */,
				C07458282A939FA40046F39D /* LinkView.swift in Sources */,
				C0750ECE2A9E9B8F00089B29 /* HapticManagerSUI.swift in Sources */,
				C0CD12552AAB3F2700FE3BB6 /* CardView.swift in Sources */,
			);
			runOnlyForDeploymentPostprocessing = 0;
		};
		C0B5FF8425E981AF001D8D83 /* Sources */ = {
			isa = PBXSourcesBuildPhase;
			buildActionMask = 2147483647;
			files = (
				C0B5FF8D25E981AF001D8D83 /* Simple_AnkiTests.swift in Sources */,
			);
			runOnlyForDeploymentPostprocessing = 0;
		};
		C0B5FF8F25E981AF001D8D83 /* Sources */ = {
			isa = PBXSourcesBuildPhase;
			buildActionMask = 2147483647;
			files = (
				C0F4FD3927BD862E00814BD6 /* Simple_AnkiUITests.swift in Sources */,
				C0F4FD4C27BD878B00814BD6 /* AddNewDeckAlert.swift in Sources */,
				C0F4FD5127BD87CE00814BD6 /* DecksScrenTests.swift in Sources */,
				C0F4FD3727BD862E00814BD6 /* Simple_AnkiUITestsLaunchTests.swift in Sources */,
				C0F4FD5527BD87EB00814BD6 /* WaitUtillities.swift in Sources */,
				C0F4FD5627BD87EB00814BD6 /* RandomGenerator.swift in Sources */,
				C0F4FD4927BD877B00814BD6 /* DecksScreen.swift in Sources */,
				C0F4FD5027BD87CE00814BD6 /* BaseTest.swift in Sources */,
				C0F4FD4727BD877600814BD6 /* BaseScreen.swift in Sources */,
			);
			runOnlyForDeploymentPostprocessing = 0;
		};
/* End PBXSourcesBuildPhase section */

/* Begin PBXTargetDependency section */
		C0B5FF8A25E981AF001D8D83 /* PBXTargetDependency */ = {
			isa = PBXTargetDependency;
			target = C0B5FF7125E981A8001D8D83 /* Simple Anki */;
			targetProxy = C0B5FF8925E981AF001D8D83 /* PBXContainerItemProxy */;
		};
		C0B5FF9525E981B0001D8D83 /* PBXTargetDependency */ = {
			isa = PBXTargetDependency;
			target = C0B5FF7125E981A8001D8D83 /* Simple Anki */;
			targetProxy = C0B5FF9425E981B0001D8D83 /* PBXContainerItemProxy */;
		};
/* End PBXTargetDependency section */

/* Begin PBXVariantGroup section */
		C0B5FF8025E981AF001D8D83 /* LaunchScreen.storyboard */ = {
			isa = PBXVariantGroup;
			children = (
				C0B5FF8125E981AF001D8D83 /* Base */,
			);
			name = LaunchScreen.storyboard;
			sourceTree = "<group>";
		};
/* End PBXVariantGroup section */

/* Begin XCBuildConfiguration section */
		C0B5FF9A25E981B0001D8D83 /* Debug */ = {
			isa = XCBuildConfiguration;
			buildSettings = {
				ALWAYS_SEARCH_USER_PATHS = NO;
				CLANG_ANALYZER_NONNULL = YES;
				CLANG_ANALYZER_NUMBER_OBJECT_CONVERSION = YES_AGGRESSIVE;
				CLANG_CXX_LANGUAGE_STANDARD = "gnu++14";
				CLANG_CXX_LIBRARY = "libc++";
				CLANG_ENABLE_MODULES = YES;
				CLANG_ENABLE_OBJC_ARC = YES;
				CLANG_ENABLE_OBJC_WEAK = YES;
				CLANG_WARN_BLOCK_CAPTURE_AUTORELEASING = YES;
				CLANG_WARN_BOOL_CONVERSION = YES;
				CLANG_WARN_COMMA = YES;
				CLANG_WARN_CONSTANT_CONVERSION = YES;
				CLANG_WARN_DEPRECATED_OBJC_IMPLEMENTATIONS = YES;
				CLANG_WARN_DIRECT_OBJC_ISA_USAGE = YES_ERROR;
				CLANG_WARN_DOCUMENTATION_COMMENTS = YES;
				CLANG_WARN_EMPTY_BODY = YES;
				CLANG_WARN_ENUM_CONVERSION = YES;
				CLANG_WARN_INFINITE_RECURSION = YES;
				CLANG_WARN_INT_CONVERSION = YES;
				CLANG_WARN_NON_LITERAL_NULL_CONVERSION = YES;
				CLANG_WARN_OBJC_IMPLICIT_RETAIN_SELF = YES;
				CLANG_WARN_OBJC_LITERAL_CONVERSION = YES;
				CLANG_WARN_OBJC_ROOT_CLASS = YES_ERROR;
				CLANG_WARN_QUOTED_INCLUDE_IN_FRAMEWORK_HEADER = YES;
				CLANG_WARN_RANGE_LOOP_ANALYSIS = YES;
				CLANG_WARN_STRICT_PROTOTYPES = YES;
				CLANG_WARN_SUSPICIOUS_MOVE = YES;
				CLANG_WARN_UNGUARDED_AVAILABILITY = YES_AGGRESSIVE;
				CLANG_WARN_UNREACHABLE_CODE = YES;
				CLANG_WARN__DUPLICATE_METHOD_MATCH = YES;
				COPY_PHASE_STRIP = NO;
				DEBUG_INFORMATION_FORMAT = dwarf;
				ENABLE_STRICT_OBJC_MSGSEND = YES;
				ENABLE_TESTABILITY = YES;
				GCC_C_LANGUAGE_STANDARD = gnu11;
				GCC_DYNAMIC_NO_PIC = NO;
				GCC_NO_COMMON_BLOCKS = YES;
				GCC_OPTIMIZATION_LEVEL = 0;
				GCC_PREPROCESSOR_DEFINITIONS = (
					"DEBUG=1",
					"$(inherited)",
				);
				GCC_WARN_64_TO_32_BIT_CONVERSION = YES;
				GCC_WARN_ABOUT_RETURN_TYPE = YES_ERROR;
				GCC_WARN_UNDECLARED_SELECTOR = YES;
				GCC_WARN_UNINITIALIZED_AUTOS = YES_AGGRESSIVE;
				GCC_WARN_UNUSED_FUNCTION = YES;
				GCC_WARN_UNUSED_VARIABLE = YES;
				IPHONEOS_DEPLOYMENT_TARGET = 17.0;
				MTL_ENABLE_DEBUG_INFO = INCLUDE_SOURCE;
				MTL_FAST_MATH = YES;
				ONLY_ACTIVE_ARCH = YES;
				SDKROOT = iphoneos;
				SWIFT_ACTIVE_COMPILATION_CONDITIONS = DEBUG;
				SWIFT_OPTIMIZATION_LEVEL = "-Onone";
			};
			name = Debug;
		};
		C0B5FF9B25E981B0001D8D83 /* Release */ = {
			isa = XCBuildConfiguration;
			buildSettings = {
				ALWAYS_SEARCH_USER_PATHS = NO;
				CLANG_ANALYZER_NONNULL = YES;
				CLANG_ANALYZER_NUMBER_OBJECT_CONVERSION = YES_AGGRESSIVE;
				CLANG_CXX_LANGUAGE_STANDARD = "gnu++14";
				CLANG_CXX_LIBRARY = "libc++";
				CLANG_ENABLE_MODULES = YES;
				CLANG_ENABLE_OBJC_ARC = YES;
				CLANG_ENABLE_OBJC_WEAK = YES;
				CLANG_WARN_BLOCK_CAPTURE_AUTORELEASING = YES;
				CLANG_WARN_BOOL_CONVERSION = YES;
				CLANG_WARN_COMMA = YES;
				CLANG_WARN_CONSTANT_CONVERSION = YES;
				CLANG_WARN_DEPRECATED_OBJC_IMPLEMENTATIONS = YES;
				CLANG_WARN_DIRECT_OBJC_ISA_USAGE = YES_ERROR;
				CLANG_WARN_DOCUMENTATION_COMMENTS = YES;
				CLANG_WARN_EMPTY_BODY = YES;
				CLANG_WARN_ENUM_CONVERSION = YES;
				CLANG_WARN_INFINITE_RECURSION = YES;
				CLANG_WARN_INT_CONVERSION = YES;
				CLANG_WARN_NON_LITERAL_NULL_CONVERSION = YES;
				CLANG_WARN_OBJC_IMPLICIT_RETAIN_SELF = YES;
				CLANG_WARN_OBJC_LITERAL_CONVERSION = YES;
				CLANG_WARN_OBJC_ROOT_CLASS = YES_ERROR;
				CLANG_WARN_QUOTED_INCLUDE_IN_FRAMEWORK_HEADER = YES;
				CLANG_WARN_RANGE_LOOP_ANALYSIS = YES;
				CLANG_WARN_STRICT_PROTOTYPES = YES;
				CLANG_WARN_SUSPICIOUS_MOVE = YES;
				CLANG_WARN_UNGUARDED_AVAILABILITY = YES_AGGRESSIVE;
				CLANG_WARN_UNREACHABLE_CODE = YES;
				CLANG_WARN__DUPLICATE_METHOD_MATCH = YES;
				COPY_PHASE_STRIP = NO;
				DEBUG_INFORMATION_FORMAT = "dwarf-with-dsym";
				ENABLE_NS_ASSERTIONS = NO;
				ENABLE_STRICT_OBJC_MSGSEND = YES;
				GCC_C_LANGUAGE_STANDARD = gnu11;
				GCC_NO_COMMON_BLOCKS = YES;
				GCC_WARN_64_TO_32_BIT_CONVERSION = YES;
				GCC_WARN_ABOUT_RETURN_TYPE = YES_ERROR;
				GCC_WARN_UNDECLARED_SELECTOR = YES;
				GCC_WARN_UNINITIALIZED_AUTOS = YES_AGGRESSIVE;
				GCC_WARN_UNUSED_FUNCTION = YES;
				GCC_WARN_UNUSED_VARIABLE = YES;
				IPHONEOS_DEPLOYMENT_TARGET = 17.0;
				MTL_ENABLE_DEBUG_INFO = NO;
				MTL_FAST_MATH = YES;
				SDKROOT = iphoneos;
				SWIFT_COMPILATION_MODE = wholemodule;
				SWIFT_OPTIMIZATION_LEVEL = "-O";
				VALIDATE_PRODUCT = YES;
			};
			name = Release;
		};
		C0B5FF9D25E981B0001D8D83 /* Debug */ = {
			isa = XCBuildConfiguration;
			buildSettings = {
				ASSETCATALOG_COMPILER_APPICON_NAME = AppIcon;
				ASSETCATALOG_COMPILER_GLOBAL_ACCENT_COLOR_NAME = AccentColor;
				ASSETCATALOG_COMPILER_INCLUDE_ALL_APPICON_ASSETS = YES;
				CODE_SIGN_IDENTITY = "Apple Development";
				CODE_SIGN_STYLE = Automatic;
				CURRENT_PROJECT_VERSION = 1;
				DEVELOPMENT_TEAM = KHNA6PF8QV;
				INFOPLIST_FILE = "Simple Anki/Info.plist";
				INFOPLIST_KEY_CFBundleDisplayName = "Simple Anki";
				INFOPLIST_KEY_LSApplicationCategoryType = "public.app-category.education";
				IPHONEOS_DEPLOYMENT_TARGET = 17.0;
				LD_RUNPATH_SEARCH_PATHS = (
					"$(inherited)",
					"@executable_path/Frameworks",
				);
				MARKETING_VERSION = 1.3;
				PRODUCT_BUNDLE_IDENTIFIER = nart.SimpleAnki;
				PRODUCT_NAME = "$(TARGET_NAME)";
				PROVISIONING_PROFILE_SPECIFIER = "";
				SUPPORTED_PLATFORMS = "iphoneos iphonesimulator";
				SUPPORTS_MACCATALYST = NO;
				SUPPORTS_MAC_DESIGNED_FOR_IPHONE_IPAD = NO;
				SUPPORTS_XR_DESIGNED_FOR_IPHONE_IPAD = NO;
				SWIFT_VERSION = 5.0;
				TARGETED_DEVICE_FAMILY = 1;
			};
			name = Debug;
		};
		C0B5FF9E25E981B0001D8D83 /* Release */ = {
			isa = XCBuildConfiguration;
			buildSettings = {
				ASSETCATALOG_COMPILER_APPICON_NAME = AppIcon;
				ASSETCATALOG_COMPILER_GLOBAL_ACCENT_COLOR_NAME = AccentColor;
				ASSETCATALOG_COMPILER_INCLUDE_ALL_APPICON_ASSETS = YES;
				CODE_SIGN_IDENTITY = "Apple Development";
				CODE_SIGN_STYLE = Automatic;
				CURRENT_PROJECT_VERSION = 1;
				DEVELOPMENT_TEAM = KHNA6PF8QV;
				INFOPLIST_FILE = "Simple Anki/Info.plist";
				INFOPLIST_KEY_CFBundleDisplayName = "Simple Anki";
				INFOPLIST_KEY_LSApplicationCategoryType = "public.app-category.education";
				IPHONEOS_DEPLOYMENT_TARGET = 17.0;
				LD_RUNPATH_SEARCH_PATHS = (
					"$(inherited)",
					"@executable_path/Frameworks",
				);
				MARKETING_VERSION = 1.3;
				PRODUCT_BUNDLE_IDENTIFIER = nart.SimpleAnki;
				PRODUCT_NAME = "$(TARGET_NAME)";
				PROVISIONING_PROFILE_SPECIFIER = "";
				SUPPORTED_PLATFORMS = "iphoneos iphonesimulator";
				SUPPORTS_MACCATALYST = NO;
				SUPPORTS_MAC_DESIGNED_FOR_IPHONE_IPAD = NO;
				SUPPORTS_XR_DESIGNED_FOR_IPHONE_IPAD = NO;
				SWIFT_VERSION = 5.0;
				TARGETED_DEVICE_FAMILY = 1;
			};
			name = Release;
		};
		C0B5FFA025E981B0001D8D83 /* Debug */ = {
			isa = XCBuildConfiguration;
			buildSettings = {
				ALWAYS_EMBED_SWIFT_STANDARD_LIBRARIES = YES;
				BUNDLE_LOADER = "$(TEST_HOST)";
				"CODE_SIGN_IDENTITY[sdk=macosx*]" = "-";
				CODE_SIGN_STYLE = Automatic;
				DEVELOPMENT_TEAM = KHNA6PF8QV;
				INFOPLIST_FILE = "Simple AnkiTests/Info.plist";
				IPHONEOS_DEPLOYMENT_TARGET = 14.4;
				LD_RUNPATH_SEARCH_PATHS = (
					"$(inherited)",
					"@executable_path/Frameworks",
					"@loader_path/Frameworks",
				);
				PRODUCT_BUNDLE_IDENTIFIER = "nart.Simple-AnkiTests";
				PRODUCT_NAME = "$(TARGET_NAME)";
				SWIFT_VERSION = 5.0;
				TARGETED_DEVICE_FAMILY = "1,2";
				TEST_HOST = "$(BUILT_PRODUCTS_DIR)/Simple Anki.app/Simple Anki";
			};
			name = Debug;
		};
		C0B5FFA125E981B0001D8D83 /* Release */ = {
			isa = XCBuildConfiguration;
			buildSettings = {
				ALWAYS_EMBED_SWIFT_STANDARD_LIBRARIES = YES;
				BUNDLE_LOADER = "$(TEST_HOST)";
				"CODE_SIGN_IDENTITY[sdk=macosx*]" = "-";
				CODE_SIGN_STYLE = Automatic;
				DEVELOPMENT_TEAM = KHNA6PF8QV;
				INFOPLIST_FILE = "Simple AnkiTests/Info.plist";
				IPHONEOS_DEPLOYMENT_TARGET = 14.4;
				LD_RUNPATH_SEARCH_PATHS = (
					"$(inherited)",
					"@executable_path/Frameworks",
					"@loader_path/Frameworks",
				);
				PRODUCT_BUNDLE_IDENTIFIER = "nart.Simple-AnkiTests";
				PRODUCT_NAME = "$(TARGET_NAME)";
				SWIFT_VERSION = 5.0;
				TARGETED_DEVICE_FAMILY = "1,2";
				TEST_HOST = "$(BUILT_PRODUCTS_DIR)/Simple Anki.app/Simple Anki";
			};
			name = Release;
		};
		C0B5FFA325E981B0001D8D83 /* Debug */ = {
			isa = XCBuildConfiguration;
			buildSettings = {
				ALWAYS_EMBED_SWIFT_STANDARD_LIBRARIES = YES;
				"CODE_SIGN_IDENTITY[sdk=macosx*]" = "-";
				CODE_SIGN_STYLE = Automatic;
				DEVELOPMENT_TEAM = KHNA6PF8QV;
				INFOPLIST_FILE = "Simple AnkiUITests/Info.plist";
				LD_RUNPATH_SEARCH_PATHS = (
					"$(inherited)",
					"@executable_path/Frameworks",
					"@loader_path/Frameworks",
				);
				PRODUCT_BUNDLE_IDENTIFIER = "nart.Simple-AnkiUITests";
				PRODUCT_NAME = "$(TARGET_NAME)";
				SWIFT_VERSION = 5.0;
				TARGETED_DEVICE_FAMILY = "1,2";
				TEST_TARGET_NAME = "Simple Anki";
			};
			name = Debug;
		};
		C0B5FFA425E981B0001D8D83 /* Release */ = {
			isa = XCBuildConfiguration;
			buildSettings = {
				ALWAYS_EMBED_SWIFT_STANDARD_LIBRARIES = YES;
				"CODE_SIGN_IDENTITY[sdk=macosx*]" = "-";
				CODE_SIGN_STYLE = Automatic;
				DEVELOPMENT_TEAM = KHNA6PF8QV;
				INFOPLIST_FILE = "Simple AnkiUITests/Info.plist";
				LD_RUNPATH_SEARCH_PATHS = (
					"$(inherited)",
					"@executable_path/Frameworks",
					"@loader_path/Frameworks",
				);
				PRODUCT_BUNDLE_IDENTIFIER = "nart.Simple-AnkiUITests";
				PRODUCT_NAME = "$(TARGET_NAME)";
				SWIFT_VERSION = 5.0;
				TARGETED_DEVICE_FAMILY = "1,2";
				TEST_TARGET_NAME = "Simple Anki";
			};
			name = Release;
		};
/* End XCBuildConfiguration section */

/* Begin XCConfigurationList section */
		C0B5FF6D25E981A8001D8D83 /* Build configuration list for PBXProject "Simple Anki" */ = {
			isa = XCConfigurationList;
			buildConfigurations = (
				C0B5FF9A25E981B0001D8D83 /* Debug */,
				C0B5FF9B25E981B0001D8D83 /* Release */,
			);
			defaultConfigurationIsVisible = 0;
			defaultConfigurationName = Release;
		};
		C0B5FF9C25E981B0001D8D83 /* Build configuration list for PBXNativeTarget "Simple Anki" */ = {
			isa = XCConfigurationList;
			buildConfigurations = (
				C0B5FF9D25E981B0001D8D83 /* Debug */,
				C0B5FF9E25E981B0001D8D83 /* Release */,
			);
			defaultConfigurationIsVisible = 0;
			defaultConfigurationName = Release;
		};
		C0B5FF9F25E981B0001D8D83 /* Build configuration list for PBXNativeTarget "Simple AnkiTests" */ = {
			isa = XCConfigurationList;
			buildConfigurations = (
				C0B5FFA025E981B0001D8D83 /* Debug */,
				C0B5FFA125E981B0001D8D83 /* Release */,
			);
			defaultConfigurationIsVisible = 0;
			defaultConfigurationName = Release;
		};
		C0B5FFA225E981B0001D8D83 /* Build configuration list for PBXNativeTarget "Simple AnkiUITests" */ = {
			isa = XCConfigurationList;
			buildConfigurations = (
				C0B5FFA325E981B0001D8D83 /* Debug */,
				C0B5FFA425E981B0001D8D83 /* Release */,
			);
			defaultConfigurationIsVisible = 0;
			defaultConfigurationName = Release;
		};
/* End XCConfigurationList section */

/* Begin XCRemoteSwiftPackageReference section */
		C09AE07C2B6A726B00DB3E28 /* XCRemoteSwiftPackageReference "Pow" */ = {
			isa = XCRemoteSwiftPackageReference;
			repositoryURL = "https://github.com/EmergeTools/Pow.git";
			requirement = {
				kind = upToNextMajorVersion;
				minimumVersion = 1.0.3;
			};
		};
		C0B5FFA825E98362001D8D83 /* XCRemoteSwiftPackageReference "realm-cocoa" */ = {
			isa = XCRemoteSwiftPackageReference;
			repositoryURL = "https://github.com/realm/realm-cocoa";
			requirement = {
				kind = upToNextMajorVersion;
				minimumVersion = 10.7.0;
			};
		};
		C0B85472282AB18F009816D0 /* XCRemoteSwiftPackageReference "SQLite.swift" */ = {
			isa = XCRemoteSwiftPackageReference;
			repositoryURL = "https://github.com/stephencelis/SQLite.swift.git";
			requirement = {
				kind = upToNextMajorVersion;
				minimumVersion = 0.9.2;
			};
		};
		C0B85475282ABA14009816D0 /* XCRemoteSwiftPackageReference "ZIPFoundation" */ = {
			isa = XCRemoteSwiftPackageReference;
			repositoryURL = "https://github.com/weichsel/ZIPFoundation";
			requirement = {
				kind = upToNextMajorVersion;
				minimumVersion = 0.9.9;
			};
		};
		C0DD10B92823F6D10058F96B /* XCRemoteSwiftPackageReference "SwiftCSV" */ = {
			isa = XCRemoteSwiftPackageReference;
			repositoryURL = "https://github.com/swiftcsv/SwiftCSV.git";
			requirement = {
				kind = upToNextMajorVersion;
				minimumVersion = 0.6.1;
			};
		};
		C0E8477627F9C9EA006AEED1 /* XCRemoteSwiftPackageReference "SPIndicator" */ = {
			isa = XCRemoteSwiftPackageReference;
			repositoryURL = "https://github.com/ivanvorobei/SPIndicator";
			requirement = {
				kind = upToNextMajorVersion;
				minimumVersion = 1.0.0;
			};
		};
/* End XCRemoteSwiftPackageReference section */

/* Begin XCSwiftPackageProductDependency section */
		C09AE07D2B6A726B00DB3E28 /* Pow */ = {
			isa = XCSwiftPackageProductDependency;
			package = C09AE07C2B6A726B00DB3E28 /* XCRemoteSwiftPackageReference "Pow" */;
			productName = Pow;
		};
		C0B5FFA925E98362001D8D83 /* RealmSwift */ = {
			isa = XCSwiftPackageProductDependency;
			package = C0B5FFA825E98362001D8D83 /* XCRemoteSwiftPackageReference "realm-cocoa" */;
			productName = RealmSwift;
		};
		C0B5FFAB25E98362001D8D83 /* Realm */ = {
			isa = XCSwiftPackageProductDependency;
			package = C0B5FFA825E98362001D8D83 /* XCRemoteSwiftPackageReference "realm-cocoa" */;
			productName = Realm;
		};
		C0B85473282AB18F009816D0 /* SQLite */ = {
			isa = XCSwiftPackageProductDependency;
			package = C0B85472282AB18F009816D0 /* XCRemoteSwiftPackageReference "SQLite.swift" */;
			productName = SQLite;
		};
		C0B85476282ABA14009816D0 /* ZIPFoundation */ = {
			isa = XCSwiftPackageProductDependency;
			package = C0B85475282ABA14009816D0 /* XCRemoteSwiftPackageReference "ZIPFoundation" */;
			productName = ZIPFoundation;
		};
		C0DD10BA2823F6D10058F96B /* SwiftCSV */ = {
			isa = XCSwiftPackageProductDependency;
			package = C0DD10B92823F6D10058F96B /* XCRemoteSwiftPackageReference "SwiftCSV" */;
			productName = SwiftCSV;
		};
		C0E8477727F9C9EA006AEED1 /* SPIndicator */ = {
			isa = XCSwiftPackageProductDependency;
			package = C0E8477627F9C9EA006AEED1 /* XCRemoteSwiftPackageReference "SPIndicator" */;
			productName = SPIndicator;
		};
/* End XCSwiftPackageProductDependency section */
	};
	rootObject = C0B5FF6A25E981A8001D8D83 /* Project object */;
}
